
Microsoft Visual Studio Solution File, Format Version 12.00
# Visual Studio Version 17
VisualStudioVersion = 17.7.34221.43
MinimumVisualStudioVersion = 10.0.40219.1
Project("{FAE04EC0-301F-11D3-BF4B-00C04F79EFBC}") = "GestioneFilm", "GestioneFilm\GestioneFilm.csproj", "{ED9019DF-237C-4AD2-BDFA-F3E15FDD93F2}"
EndProject
Global
	GlobalSection(SolutionConfigurationPlatforms) = preSolution
		Debug|Any CPU = Debug|Any CPU
		Release|Any CPU = Release|Any CPU
	EndGlobalSection
	GlobalSection(ProjectConfigurationPlatforms) = postSolution
		{ED9019DF-237C-4AD2-BDFA-F3E15FDD93F2}.Debug|Any CPU.ActiveCfg = Debug|Any CPU
		{ED9019DF-237C-4AD2-BDFA-F3E15FDD93F2}.Debug|Any CPU.Build.0 = Debug|Any CPU
		{ED9019DF-237C-4AD2-BDFA-F3E15FDD93F2}.Release|Any CPU.ActiveCfg = Release|Any CPU
		{ED9019DF-237C-4AD2-BDFA-F3E15FDD93F2}.Release|Any CPU.Build.0 = Release|Any CPU
	EndGlobalSection
	GlobalSection(SolutionProperties) = preSolution
		HideSolutionNode = FALSE
	EndGlobalSection
	GlobalSection(ExtensibilityGlobals) = postSolution
		SolutionGuid = {EC216911-0B28-4CEB-9ABF-D3EE4DD33C10}
	EndGlobalSection
EndGlobal
